[root]
name = "breakpad"
version = "0.1.0"
dependencies = [
 "gcc 0.3.52 (registry+https://github.com/rust-lang/crates.io-index)",
]

[[package]]
name = "gcc"
version = "0.3.52"
source = "registry+https://github.com/rust-lang/crates.io-index"

[metadata]
"checksum gcc 0.3.52 (registry+https://github.com/rust-lang/crates.io-index)" = "1b7d19683108136d21d32723077e69cd5df2bfd6d102c74a01d743cf2b65cf97"
